
Microsoft Visual Studio Solution File, Format Version 12.00
# Visual Studio Version 16
VisualStudioVersion = 16.0.30114.105
MinimumVisualStudioVersion = 10.0.40219.1
Project("{2150E333-8FDC-42A3-9474-1A3956D46DE8}") = "src", "src", "{B5A34968-CF65-4B2F-979B-EAA09D471067}"
EndProject
Project("{FAE04EC0-301F-11D3-BF4B-00C04F79EFBC}") = "TeamService.Grpc", "src\TeamService.Grpc\TeamService.Grpc.csproj", "{302798FB-C014-4703-80E6-AF56BC4AA363}"
EndProject
Global
	GlobalSection(SolutionConfigurationPlatforms) = preSolution
		Debug|Any CPU = Debug|Any CPU
		Release|Any CPU = Release|Any CPU
	EndGlobalSection
	GlobalSection(SolutionProperties) = preSolution
		HideSolutionNode = FALSE
	EndGlobalSection
	GlobalSection(ProjectConfigurationPlatforms) = postSolution
		{302798FB-C014-4703-80E6-AF56BC4AA363}.Debug|Any CPU.ActiveCfg = Debug|Any CPU
		{302798FB-C014-4703-80E6-AF56BC4AA363}.Debug|Any CPU.Build.0 = Debug|Any CPU
		{302798FB-C014-4703-80E6-AF56BC4AA363}.Release|Any CPU.ActiveCfg = Release|Any CPU
		{302798FB-C014-4703-80E6-AF56BC4AA363}.Release|Any CPU.Build.0 = Release|Any CPU
	EndGlobalSection
	GlobalSection(NestedProjects) = preSolution
		{302798FB-C014-4703-80E6-AF56BC4AA363} = {B5A34968-CF65-4B2F-979B-EAA09D471067}
	EndGlobalSection
EndGlobal
