
Microsoft Visual Studio Solution File, Format Version 12.00
# Visual Studio Version 17
VisualStudioVersion = 17.1.32421.90
MinimumVisualStudioVersion = 10.0.40219.1
Project("{2150E333-8FDC-42A3-9474-1A3956D46DE8}") = "src", "src", "{B5A34968-CF65-4B2F-979B-EAA09D471067}"
EndProject
Project("{9A19103F-16F7-4668-BE54-9A1E7A4F7556}") = "TeamService.Grpc", "src\TeamService.Grpc\TeamService.Grpc.csproj", "{302798FB-C014-4703-80E6-AF56BC4AA363}"
EndProject
Project("{FAE04EC0-301F-11D3-BF4B-00C04F79EFBC}") = "TeamService.BusinessLogic", "src\TeamService.BusinessLogic\TeamService.BusinessLogic.csproj", "{92F8ED0A-F0D5-4C13-B2E0-6136DAB322CE}"
EndProject
Global
	GlobalSection(SolutionConfigurationPlatforms) = preSolution
		Debug|Any CPU = Debug|Any CPU
		Release|Any CPU = Release|Any CPU
	EndGlobalSection
	GlobalSection(ProjectConfigurationPlatforms) = postSolution
		{302798FB-C014-4703-80E6-AF56BC4AA363}.Debug|Any CPU.ActiveCfg = Debug|Any CPU
		{302798FB-C014-4703-80E6-AF56BC4AA363}.Debug|Any CPU.Build.0 = Debug|Any CPU
		{302798FB-C014-4703-80E6-AF56BC4AA363}.Release|Any CPU.ActiveCfg = Release|Any CPU
		{302798FB-C014-4703-80E6-AF56BC4AA363}.Release|Any CPU.Build.0 = Release|Any CPU
		{92F8ED0A-F0D5-4C13-B2E0-6136DAB322CE}.Debug|Any CPU.ActiveCfg = Debug|Any CPU
		{92F8ED0A-F0D5-4C13-B2E0-6136DAB322CE}.Debug|Any CPU.Build.0 = Debug|Any CPU
		{92F8ED0A-F0D5-4C13-B2E0-6136DAB322CE}.Release|Any CPU.ActiveCfg = Release|Any CPU
		{92F8ED0A-F0D5-4C13-B2E0-6136DAB322CE}.Release|Any CPU.Build.0 = Release|Any CPU
	EndGlobalSection
	GlobalSection(SolutionProperties) = preSolution
		HideSolutionNode = FALSE
	EndGlobalSection
	GlobalSection(NestedProjects) = preSolution
		{302798FB-C014-4703-80E6-AF56BC4AA363} = {B5A34968-CF65-4B2F-979B-EAA09D471067}
		{92F8ED0A-F0D5-4C13-B2E0-6136DAB322CE} = {B5A34968-CF65-4B2F-979B-EAA09D471067}
	EndGlobalSection
	GlobalSection(ExtensibilityGlobals) = postSolution
		SolutionGuid = {9AC75C77-6E87-417A-BD8B-363AA341BD1B}
	EndGlobalSection
EndGlobal
